// !$*UTF8*$!
{
	archiveVersion = 1;
	classes = {
	};
	objectVersion = 46;
	objects = {

/* Begin PBXBuildFile section */
		418749FF244CD3E100B4FE79 /* FileMapper.swift in Sources */ = {isa = PBXBuildFile; fileRef = 418749F8244CCC7100B4FE79 /* FileMapper.swift */; };
		41874A07244CD84A00B4FE79 /* CompanyDataNil.json in Resources */ = {isa = PBXBuildFile; fileRef = 41874A04244CD60000B4FE79 /* CompanyDataNil.json */; };
		41874A0A244CD96D00B4FE79 /* CountryAllData.json in Resources */ = {isa = PBXBuildFile; fileRef = 41874A09244CD96D00B4FE79 /* CountryAllData.json */; };
		41874A0B244CDA1E00B4FE79 /* CompanyAllData.json in Resources */ = {isa = PBXBuildFile; fileRef = 418749FB244CCFE600B4FE79 /* CompanyAllData.json */; };
		41874A0D244CDE9500B4FE79 /* Genre.json in Resources */ = {isa = PBXBuildFile; fileRef = 41874A0C244CDE9500B4FE79 /* Genre.json */; };
		41874A0F244CDEFC00B4FE79 /* Language.json in Resources */ = {isa = PBXBuildFile; fileRef = 41874A0E244CDEFC00B4FE79 /* Language.json */; };
		41874A11244CDF7000B4FE79 /* Movie.json in Resources */ = {isa = PBXBuildFile; fileRef = 41874A10244CDF7000B4FE79 /* Movie.json */; };
		41874A17244CE72600B4FE79 /* MovieNil.json in Resources */ = {isa = PBXBuildFile; fileRef = 41874A16244CE72600B4FE79 /* MovieNil.json */; };
		41874A1D244CEA1F00B4FE79 /* Collection.json in Resources */ = {isa = PBXBuildFile; fileRef = 41874A1C244CEA1F00B4FE79 /* Collection.json */; };
		41874A1F244CEAE300B4FE79 /* ResumeCollection.json in Resources */ = {isa = PBXBuildFile; fileRef = 41874A1E244CEAE300B4FE79 /* ResumeCollection.json */; };
		41874A21244CEB3100B4FE79 /* PageMovies.json in Resources */ = {isa = PBXBuildFile; fileRef = 41874A20244CEB3100B4FE79 /* PageMovies.json */; };
		41874A23244CEC3300B4FE79 /* ResumeCompany.json in Resources */ = {isa = PBXBuildFile; fileRef = 41874A22244CEC3300B4FE79 /* ResumeCompany.json */; };
		41874A25244CEC7900B4FE79 /* ResumeCompanyNil.json in Resources */ = {isa = PBXBuildFile; fileRef = 41874A24244CEC7900B4FE79 /* ResumeCompanyNil.json */; };
		41874A30244E809E00B4FE79 /* ApiRouterTests.swift in Sources */ = {isa = PBXBuildFile; fileRef = 41874A2F244E809E00B4FE79 /* ApiRouterTests.swift */; };
		41CF0CF3244BE31700C45F1E /* ModelTests.swift in Sources */ = {isa = PBXBuildFile; fileRef = 41CF0CF1244BE30300C45F1E /* ModelTests.swift */; };
		607FACD61AFB9204008FA782 /* AppDelegate.swift in Sources */ = {isa = PBXBuildFile; fileRef = 607FACD51AFB9204008FA782 /* AppDelegate.swift */; };
		607FACD81AFB9204008FA782 /* ViewController.swift in Sources */ = {isa = PBXBuildFile; fileRef = 607FACD71AFB9204008FA782 /* ViewController.swift */; };
		607FACDB1AFB9204008FA782 /* Main.storyboard in Resources */ = {isa = PBXBuildFile; fileRef = 607FACD91AFB9204008FA782 /* Main.storyboard */; };
		607FACDD1AFB9204008FA782 /* Images.xcassets in Resources */ = {isa = PBXBuildFile; fileRef = 607FACDC1AFB9204008FA782 /* Images.xcassets */; };
		607FACE01AFB9204008FA782 /* LaunchScreen.xib in Resources */ = {isa = PBXBuildFile; fileRef = 607FACDE1AFB9204008FA782 /* LaunchScreen.xib */; };
		7AAAB004FE876572B23934FC /* Pods_iOSMovieDB_Example.framework in Frameworks */ = {isa = PBXBuildFile; fileRef = 3F38B2430B5A85A4336000EA /* Pods_iOSMovieDB_Example.framework */; };
		837DB9CC22BE64229C59B700 /* Pods_iOSMovieDB_Tests.framework in Frameworks */ = {isa = PBXBuildFile; fileRef = A599E19B33C8FA58D9E17456 /* Pods_iOSMovieDB_Tests.framework */; };
/* End PBXBuildFile section */

/* Begin PBXContainerItemProxy section */
		607FACE61AFB9204008FA782 /* PBXContainerItemProxy */ = {
			isa = PBXContainerItemProxy;
			containerPortal = 607FACC81AFB9204008FA782 /* Project object */;
			proxyType = 1;
			remoteGlobalIDString = 607FACCF1AFB9204008FA782;
			remoteInfo = iOSMovieDB;
		};
/* End PBXContainerItemProxy section */

/* Begin PBXFileReference section */
		1CA8D8F4961143BC77F86B91 /* LICENSE */ = {isa = PBXFileReference; includeInIndex = 1; lastKnownFileType = text; name = LICENSE; path = ../LICENSE; sourceTree = "<group>"; };
		3F38B2430B5A85A4336000EA /* Pods_iOSMovieDB_Example.framework */ = {isa = PBXFileReference; explicitFileType = wrapper.framework; includeInIndex = 0; path = Pods_iOSMovieDB_Example.framework; sourceTree = BUILT_PRODUCTS_DIR; };
		418749F8244CCC7100B4FE79 /* FileMapper.swift */ = {isa = PBXFileReference; lastKnownFileType = sourcecode.swift; path = FileMapper.swift; sourceTree = "<group>"; };
		418749FB244CCFE600B4FE79 /* CompanyAllData.json */ = {isa = PBXFileReference; lastKnownFileType = text.json; path = CompanyAllData.json; sourceTree = "<group>"; };
		41874A04244CD60000B4FE79 /* CompanyDataNil.json */ = {isa = PBXFileReference; lastKnownFileType = text.json; path = CompanyDataNil.json; sourceTree = "<group>"; };
		41874A09244CD96D00B4FE79 /* CountryAllData.json */ = {isa = PBXFileReference; lastKnownFileType = text.json; path = CountryAllData.json; sourceTree = "<group>"; };
		41874A0C244CDE9500B4FE79 /* Genre.json */ = {isa = PBXFileReference; lastKnownFileType = text.json; path = Genre.json; sourceTree = "<group>"; };
		41874A0E244CDEFC00B4FE79 /* Language.json */ = {isa = PBXFileReference; lastKnownFileType = text.json; path = Language.json; sourceTree = "<group>"; };
		41874A10244CDF7000B4FE79 /* Movie.json */ = {isa = PBXFileReference; lastKnownFileType = text.json; path = Movie.json; sourceTree = "<group>"; };
		41874A16244CE72600B4FE79 /* MovieNil.json */ = {isa = PBXFileReference; lastKnownFileType = text.json; path = MovieNil.json; sourceTree = "<group>"; };
		41874A1C244CEA1F00B4FE79 /* Collection.json */ = {isa = PBXFileReference; lastKnownFileType = text.json; path = Collection.json; sourceTree = "<group>"; };
		41874A1E244CEAE300B4FE79 /* ResumeCollection.json */ = {isa = PBXFileReference; lastKnownFileType = text.json; path = ResumeCollection.json; sourceTree = "<group>"; };
		41874A20244CEB3100B4FE79 /* PageMovies.json */ = {isa = PBXFileReference; lastKnownFileType = text.json; path = PageMovies.json; sourceTree = "<group>"; };
		41874A22244CEC3300B4FE79 /* ResumeCompany.json */ = {isa = PBXFileReference; lastKnownFileType = text.json; path = ResumeCompany.json; sourceTree = "<group>"; };
		41874A24244CEC7900B4FE79 /* ResumeCompanyNil.json */ = {isa = PBXFileReference; lastKnownFileType = text.json; path = ResumeCompanyNil.json; sourceTree = "<group>"; };
		41874A2F244E809E00B4FE79 /* ApiRouterTests.swift */ = {isa = PBXFileReference; lastKnownFileType = sourcecode.swift; path = ApiRouterTests.swift; sourceTree = "<group>"; };
		41CF0CF1244BE30300C45F1E /* ModelTests.swift */ = {isa = PBXFileReference; lastKnownFileType = sourcecode.swift; path = ModelTests.swift; sourceTree = "<group>"; };
		4D0AFAD84E3910CA9F922EC3 /* iOSMovieDB.podspec */ = {isa = PBXFileReference; includeInIndex = 1; lastKnownFileType = text; name = iOSMovieDB.podspec; path = ../iOSMovieDB.podspec; sourceTree = "<group>"; };
		531C831CB5158C8A37B6C3C9 /* Pods-iOSMovieDB_Example.release.xcconfig */ = {isa = PBXFileReference; includeInIndex = 1; lastKnownFileType = text.xcconfig; name = "Pods-iOSMovieDB_Example.release.xcconfig"; path = "Target Support Files/Pods-iOSMovieDB_Example/Pods-iOSMovieDB_Example.release.xcconfig"; sourceTree = "<group>"; };
		607FACD01AFB9204008FA782 /* iOSMovieDB_Example.app */ = {isa = PBXFileReference; explicitFileType = wrapper.application; includeInIndex = 0; path = iOSMovieDB_Example.app; sourceTree = BUILT_PRODUCTS_DIR; };
		607FACD41AFB9204008FA782 /* Info.plist */ = {isa = PBXFileReference; lastKnownFileType = text.plist.xml; path = Info.plist; sourceTree = "<group>"; };
		607FACD51AFB9204008FA782 /* AppDelegate.swift */ = {isa = PBXFileReference; lastKnownFileType = sourcecode.swift; path = AppDelegate.swift; sourceTree = "<group>"; };
		607FACD71AFB9204008FA782 /* ViewController.swift */ = {isa = PBXFileReference; lastKnownFileType = sourcecode.swift; path = ViewController.swift; sourceTree = "<group>"; };
		607FACDA1AFB9204008FA782 /* Base */ = {isa = PBXFileReference; lastKnownFileType = file.storyboard; name = Base; path = Base.lproj/Main.storyboard; sourceTree = "<group>"; };
		607FACDC1AFB9204008FA782 /* Images.xcassets */ = {isa = PBXFileReference; lastKnownFileType = folder.assetcatalog; path = Images.xcassets; sourceTree = "<group>"; };
		607FACDF1AFB9204008FA782 /* Base */ = {isa = PBXFileReference; lastKnownFileType = file.xib; name = Base; path = Base.lproj/LaunchScreen.xib; sourceTree = "<group>"; };
		607FACE51AFB9204008FA782 /* iOSMovieDB_Tests.xctest */ = {isa = PBXFileReference; explicitFileType = wrapper.cfbundle; includeInIndex = 0; path = iOSMovieDB_Tests.xctest; sourceTree = BUILT_PRODUCTS_DIR; };
		607FACEA1AFB9204008FA782 /* Info.plist */ = {isa = PBXFileReference; lastKnownFileType = text.plist.xml; path = Info.plist; sourceTree = "<group>"; };
		87FABEB1294A1CF9E4A4ECF8 /* Pods-iOSMovieDB_Tests.debug.xcconfig */ = {isa = PBXFileReference; includeInIndex = 1; lastKnownFileType = text.xcconfig; name = "Pods-iOSMovieDB_Tests.debug.xcconfig"; path = "Target Support Files/Pods-iOSMovieDB_Tests/Pods-iOSMovieDB_Tests.debug.xcconfig"; sourceTree = "<group>"; };
		A599E19B33C8FA58D9E17456 /* Pods_iOSMovieDB_Tests.framework */ = {isa = PBXFileReference; explicitFileType = wrapper.framework; includeInIndex = 0; path = Pods_iOSMovieDB_Tests.framework; sourceTree = BUILT_PRODUCTS_DIR; };
		E8973546A1587CA425302F90 /* README.md */ = {isa = PBXFileReference; includeInIndex = 1; lastKnownFileType = net.daringfireball.markdown; name = README.md; path = ../README.md; sourceTree = "<group>"; };
		EB44E8668A7E627E2A1E19BA /* Pods-iOSMovieDB_Example.debug.xcconfig */ = {isa = PBXFileReference; includeInIndex = 1; lastKnownFileType = text.xcconfig; name = "Pods-iOSMovieDB_Example.debug.xcconfig"; path = "Target Support Files/Pods-iOSMovieDB_Example/Pods-iOSMovieDB_Example.debug.xcconfig"; sourceTree = "<group>"; };
		EDD666A5193E65469D7E4BC3 /* Pods-iOSMovieDB_Tests.release.xcconfig */ = {isa = PBXFileReference; includeInIndex = 1; lastKnownFileType = text.xcconfig; name = "Pods-iOSMovieDB_Tests.release.xcconfig"; path = "Target Support Files/Pods-iOSMovieDB_Tests/Pods-iOSMovieDB_Tests.release.xcconfig"; sourceTree = "<group>"; };
/* End PBXFileReference section */

/* Begin PBXFrameworksBuildPhase section */
		607FACCD1AFB9204008FA782 /* Frameworks */ = {
			isa = PBXFrameworksBuildPhase;
			buildActionMask = 2147483647;
			files = (
				7AAAB004FE876572B23934FC /* Pods_iOSMovieDB_Example.framework in Frameworks */,
			);
			runOnlyForDeploymentPostprocessing = 0;
		};
		607FACE21AFB9204008FA782 /* Frameworks */ = {
			isa = PBXFrameworksBuildPhase;
			buildActionMask = 2147483647;
			files = (
				837DB9CC22BE64229C59B700 /* Pods_iOSMovieDB_Tests.framework in Frameworks */,
			);
			runOnlyForDeploymentPostprocessing = 0;
		};
/* End PBXFrameworksBuildPhase section */

/* Begin PBXGroup section */
		3FB23F38639069A65B992343 /* Pods */ = {
			isa = PBXGroup;
			children = (
				EB44E8668A7E627E2A1E19BA /* Pods-iOSMovieDB_Example.debug.xcconfig */,
				531C831CB5158C8A37B6C3C9 /* Pods-iOSMovieDB_Example.release.xcconfig */,
				87FABEB1294A1CF9E4A4ECF8 /* Pods-iOSMovieDB_Tests.debug.xcconfig */,
				EDD666A5193E65469D7E4BC3 /* Pods-iOSMovieDB_Tests.release.xcconfig */,
			);
			path = Pods;
			sourceTree = "<group>";
		};
		418749F7244CCC3000B4FE79 /* FileMapper */ = {
			isa = PBXGroup;
			children = (
				418749F8244CCC7100B4FE79 /* FileMapper.swift */,
			);
			name = FileMapper;
			sourceTree = "<group>";
		};
		418749FA244CCFCA00B4FE79 /* Json */ = {
			isa = PBXGroup;
			children = (
				418749FB244CCFE600B4FE79 /* CompanyAllData.json */,
				41874A04244CD60000B4FE79 /* CompanyDataNil.json */,
				41874A09244CD96D00B4FE79 /* CountryAllData.json */,
				41874A0C244CDE9500B4FE79 /* Genre.json */,
				41874A0E244CDEFC00B4FE79 /* Language.json */,
				41874A10244CDF7000B4FE79 /* Movie.json */,
				41874A16244CE72600B4FE79 /* MovieNil.json */,
				41874A1C244CEA1F00B4FE79 /* Collection.json */,
				41874A1E244CEAE300B4FE79 /* ResumeCollection.json */,
				41874A20244CEB3100B4FE79 /* PageMovies.json */,
				41874A22244CEC3300B4FE79 /* ResumeCompany.json */,
				41874A24244CEC7900B4FE79 /* ResumeCompanyNil.json */,
			);
			name = Json;
			sourceTree = "<group>";
		};
		41874A2E244E808200B4FE79 /* ServiceTests */ = {
			isa = PBXGroup;
			children = (
				41874A2F244E809E00B4FE79 /* ApiRouterTests.swift */,
			);
			name = ServiceTests;
			sourceTree = "<group>";
		};
		41CF0CEE244BE14D00C45F1E /* ModelsTests */ = {
			isa = PBXGroup;
			children = (
				41CF0CF1244BE30300C45F1E /* ModelTests.swift */,
			);
			name = ModelsTests;
			sourceTree = "<group>";
		};
		607FACC71AFB9204008FA782 = {
			isa = PBXGroup;
			children = (
				607FACF51AFB993E008FA782 /* Podspec Metadata */,
				607FACD21AFB9204008FA782 /* Example for iOSMovieDB */,
				607FACE81AFB9204008FA782 /* Tests */,
				607FACD11AFB9204008FA782 /* Products */,
				3FB23F38639069A65B992343 /* Pods */,
				E52DC0D9AF397A42D24C2292 /* Frameworks */,
			);
			sourceTree = "<group>";
		};
		607FACD11AFB9204008FA782 /* Products */ = {
			isa = PBXGroup;
			children = (
				607FACD01AFB9204008FA782 /* iOSMovieDB_Example.app */,
				607FACE51AFB9204008FA782 /* iOSMovieDB_Tests.xctest */,
			);
			name = Products;
			sourceTree = "<group>";
		};
		607FACD21AFB9204008FA782 /* Example for iOSMovieDB */ = {
			isa = PBXGroup;
			children = (
				607FACD51AFB9204008FA782 /* AppDelegate.swift */,
				607FACD71AFB9204008FA782 /* ViewController.swift */,
				607FACD91AFB9204008FA782 /* Main.storyboard */,
				607FACDC1AFB9204008FA782 /* Images.xcassets */,
				607FACDE1AFB9204008FA782 /* LaunchScreen.xib */,
				607FACD31AFB9204008FA782 /* Supporting Files */,
			);
			name = "Example for iOSMovieDB";
			path = iOSMovieDB;
			sourceTree = "<group>";
		};
		607FACD31AFB9204008FA782 /* Supporting Files */ = {
			isa = PBXGroup;
			children = (
				607FACD41AFB9204008FA782 /* Info.plist */,
			);
			name = "Supporting Files";
			sourceTree = "<group>";
		};
		607FACE81AFB9204008FA782 /* Tests */ = {
			isa = PBXGroup;
			children = (
				41874A2E244E808200B4FE79 /* ServiceTests */,
				418749FA244CCFCA00B4FE79 /* Json */,
				418749F7244CCC3000B4FE79 /* FileMapper */,
				41CF0CEE244BE14D00C45F1E /* ModelsTests */,
				607FACE91AFB9204008FA782 /* Supporting Files */,
			);
			path = Tests;
			sourceTree = "<group>";
		};
		607FACE91AFB9204008FA782 /* Supporting Files */ = {
			isa = PBXGroup;
			children = (
				607FACEA1AFB9204008FA782 /* Info.plist */,
			);
			name = "Supporting Files";
			sourceTree = "<group>";
		};
		607FACF51AFB993E008FA782 /* Podspec Metadata */ = {
			isa = PBXGroup;
			children = (
				4D0AFAD84E3910CA9F922EC3 /* iOSMovieDB.podspec */,
				E8973546A1587CA425302F90 /* README.md */,
				1CA8D8F4961143BC77F86B91 /* LICENSE */,
			);
			name = "Podspec Metadata";
			sourceTree = "<group>";
		};
		E52DC0D9AF397A42D24C2292 /* Frameworks */ = {
			isa = PBXGroup;
			children = (
				3F38B2430B5A85A4336000EA /* Pods_iOSMovieDB_Example.framework */,
				A599E19B33C8FA58D9E17456 /* Pods_iOSMovieDB_Tests.framework */,
			);
			name = Frameworks;
			sourceTree = "<group>";
		};
/* End PBXGroup section */

/* Begin PBXNativeTarget section */
		607FACCF1AFB9204008FA782 /* iOSMovieDB_Example */ = {
			isa = PBXNativeTarget;
			buildConfigurationList = 607FACEF1AFB9204008FA782 /* Build configuration list for PBXNativeTarget "iOSMovieDB_Example" */;
			buildPhases = (
				9D314BC0945F249988D6B887 /* [CP] Check Pods Manifest.lock */,
				607FACCC1AFB9204008FA782 /* Sources */,
				607FACCD1AFB9204008FA782 /* Frameworks */,
				607FACCE1AFB9204008FA782 /* Resources */,
				060DFC0EB290699398CDA0DE /* [CP] Embed Pods Frameworks */,
			);
			buildRules = (
			);
			dependencies = (
			);
			name = iOSMovieDB_Example;
			productName = iOSMovieDB;
			productReference = 607FACD01AFB9204008FA782 /* iOSMovieDB_Example.app */;
			productType = "com.apple.product-type.application";
		};
		607FACE41AFB9204008FA782 /* iOSMovieDB_Tests */ = {
			isa = PBXNativeTarget;
			buildConfigurationList = 607FACF21AFB9204008FA782 /* Build configuration list for PBXNativeTarget "iOSMovieDB_Tests" */;
			buildPhases = (
				F7DE161D2506DEBB96318918 /* [CP] Check Pods Manifest.lock */,
				607FACE11AFB9204008FA782 /* Sources */,
				607FACE21AFB9204008FA782 /* Frameworks */,
				607FACE31AFB9204008FA782 /* Resources */,
				6C8EB2737A4DEAE4D486C2A7 /* [CP] Embed Pods Frameworks */,
			);
			buildRules = (
			);
			dependencies = (
				607FACE71AFB9204008FA782 /* PBXTargetDependency */,
			);
			name = iOSMovieDB_Tests;
			productName = Tests;
			productReference = 607FACE51AFB9204008FA782 /* iOSMovieDB_Tests.xctest */;
			productType = "com.apple.product-type.bundle.unit-test";
		};
/* End PBXNativeTarget section */

/* Begin PBXProject section */
		607FACC81AFB9204008FA782 /* Project object */ = {
			isa = PBXProject;
			attributes = {
				LastSwiftUpdateCheck = 0830;
				LastUpgradeCheck = 1130;
				ORGANIZATIONNAME = CocoaPods;
				TargetAttributes = {
					607FACCF1AFB9204008FA782 = {
						CreatedOnToolsVersion = 6.3.1;
						LastSwiftMigration = 0900;
					};
					607FACE41AFB9204008FA782 = {
						CreatedOnToolsVersion = 6.3.1;
						LastSwiftMigration = 0900;
						TestTargetID = 607FACCF1AFB9204008FA782;
					};
				};
			};
			buildConfigurationList = 607FACCB1AFB9204008FA782 /* Build configuration list for PBXProject "iOSMovieDB" */;
			compatibilityVersion = "Xcode 3.2";
			developmentRegion = English;
			hasScannedForEncodings = 0;
			knownRegions = (
				English,
				en,
				Base,
			);
			mainGroup = 607FACC71AFB9204008FA782;
			productRefGroup = 607FACD11AFB9204008FA782 /* Products */;
			projectDirPath = "";
			projectRoot = "";
			targets = (
				607FACCF1AFB9204008FA782 /* iOSMovieDB_Example */,
				607FACE41AFB9204008FA782 /* iOSMovieDB_Tests */,
			);
		};
/* End PBXProject section */

/* Begin PBXResourcesBuildPhase section */
		607FACCE1AFB9204008FA782 /* Resources */ = {
			isa = PBXResourcesBuildPhase;
			buildActionMask = 2147483647;
			files = (
				607FACDB1AFB9204008FA782 /* Main.storyboard in Resources */,
				607FACE01AFB9204008FA782 /* LaunchScreen.xib in Resources */,
				607FACDD1AFB9204008FA782 /* Images.xcassets in Resources */,
			);
			runOnlyForDeploymentPostprocessing = 0;
		};
		607FACE31AFB9204008FA782 /* Resources */ = {
			isa = PBXResourcesBuildPhase;
			buildActionMask = 2147483647;
			files = (
				41874A17244CE72600B4FE79 /* MovieNil.json in Resources */,
				41874A21244CEB3100B4FE79 /* PageMovies.json in Resources */,
				41874A1F244CEAE300B4FE79 /* ResumeCollection.json in Resources */,
				41874A11244CDF7000B4FE79 /* Movie.json in Resources */,
				41874A0F244CDEFC00B4FE79 /* Language.json in Resources */,
				41874A1D244CEA1F00B4FE79 /* Collection.json in Resources */,
				41874A0B244CDA1E00B4FE79 /* CompanyAllData.json in Resources */,
				41874A0A244CD96D00B4FE79 /* CountryAllData.json in Resources */,
				41874A25244CEC7900B4FE79 /* ResumeCompanyNil.json in Resources */,
				41874A07244CD84A00B4FE79 /* CompanyDataNil.json in Resources */,
				41874A0D244CDE9500B4FE79 /* Genre.json in Resources */,
				41874A23244CEC3300B4FE79 /* ResumeCompany.json in Resources */,
			);
			runOnlyForDeploymentPostprocessing = 0;
		};
/* End PBXResourcesBuildPhase section */

/* Begin PBXShellScriptBuildPhase section */
		060DFC0EB290699398CDA0DE /* [CP] Embed Pods Frameworks */ = {
			isa = PBXShellScriptBuildPhase;
			buildActionMask = 2147483647;
			files = (
			);
			inputPaths = (
				"${PODS_ROOT}/Target Support Files/Pods-iOSMovieDB_Example/Pods-iOSMovieDB_Example-frameworks.sh",
				"${BUILT_PRODUCTS_DIR}/Alamofire/Alamofire.framework",
				"${BUILT_PRODUCTS_DIR}/iOSMovieDB/iOSMovieDB.framework",
			);
			name = "[CP] Embed Pods Frameworks";
			outputPaths = (
				"${TARGET_BUILD_DIR}/${FRAMEWORKS_FOLDER_PATH}/Alamofire.framework",
				"${TARGET_BUILD_DIR}/${FRAMEWORKS_FOLDER_PATH}/iOSMovieDB.framework",
			);
			runOnlyForDeploymentPostprocessing = 0;
			shellPath = /bin/sh;
			shellScript = "\"${PODS_ROOT}/Target Support Files/Pods-iOSMovieDB_Example/Pods-iOSMovieDB_Example-frameworks.sh\"\n";
			showEnvVarsInLog = 0;
		};
		6C8EB2737A4DEAE4D486C2A7 /* [CP] Embed Pods Frameworks */ = {
			isa = PBXShellScriptBuildPhase;
			buildActionMask = 2147483647;
			files = (
			);
			inputPaths = (
				"${PODS_ROOT}/Target Support Files/Pods-iOSMovieDB_Tests/Pods-iOSMovieDB_Tests-frameworks.sh",
				"${BUILT_PRODUCTS_DIR}/Nimble/Nimble.framework",
				"${BUILT_PRODUCTS_DIR}/Quick/Quick.framework",
			);
			name = "[CP] Embed Pods Frameworks";
			outputPaths = (
				"${TARGET_BUILD_DIR}/${FRAMEWORKS_FOLDER_PATH}/Nimble.framework",
				"${TARGET_BUILD_DIR}/${FRAMEWORKS_FOLDER_PATH}/Quick.framework",
			);
			runOnlyForDeploymentPostprocessing = 0;
			shellPath = /bin/sh;
			shellScript = "\"${PODS_ROOT}/Target Support Files/Pods-iOSMovieDB_Tests/Pods-iOSMovieDB_Tests-frameworks.sh\"\n";
			showEnvVarsInLog = 0;
		};
		9D314BC0945F249988D6B887 /* [CP] Check Pods Manifest.lock */ = {
			isa = PBXShellScriptBuildPhase;
			buildActionMask = 2147483647;
			files = (
			);
			inputFileListPaths = (
			);
			inputPaths = (
				"${PODS_PODFILE_DIR_PATH}/Podfile.lock",
				"${PODS_ROOT}/Manifest.lock",
			);
			name = "[CP] Check Pods Manifest.lock";
			outputFileListPaths = (
			);
			outputPaths = (
				"$(DERIVED_FILE_DIR)/Pods-iOSMovieDB_Example-checkManifestLockResult.txt",
			);
			runOnlyForDeploymentPostprocessing = 0;
			shellPath = /bin/sh;
			shellScript = "diff \"${PODS_PODFILE_DIR_PATH}/Podfile.lock\" \"${PODS_ROOT}/Manifest.lock\" > /dev/null\nif [ $? != 0 ] ; then\n    # print error to STDERR\n    echo \"error: The sandbox is not in sync with the Podfile.lock. Run 'pod install' or update your CocoaPods installation.\" >&2\n    exit 1\nfi\n# This output is used by Xcode 'outputs' to avoid re-running this script phase.\necho \"SUCCESS\" > \"${SCRIPT_OUTPUT_FILE_0}\"\n";
			showEnvVarsInLog = 0;
		};
		F7DE161D2506DEBB96318918 /* [CP] Check Pods Manifest.lock */ = {
			isa = PBXShellScriptBuildPhase;
			buildActionMask = 2147483647;
			files = (
			);
			inputFileListPaths = (
			);
			inputPaths = (
				"${PODS_PODFILE_DIR_PATH}/Podfile.lock",
				"${PODS_ROOT}/Manifest.lock",
			);
			name = "[CP] Check Pods Manifest.lock";
			outputFileListPaths = (
			);
			outputPaths = (
				"$(DERIVED_FILE_DIR)/Pods-iOSMovieDB_Tests-checkManifestLockResult.txt",
			);
			runOnlyForDeploymentPostprocessing = 0;
			shellPath = /bin/sh;
			shellScript = "diff \"${PODS_PODFILE_DIR_PATH}/Podfile.lock\" \"${PODS_ROOT}/Manifest.lock\" > /dev/null\nif [ $? != 0 ] ; then\n    # print error to STDERR\n    echo \"error: The sandbox is not in sync with the Podfile.lock. Run 'pod install' or update your CocoaPods installation.\" >&2\n    exit 1\nfi\n# This output is used by Xcode 'outputs' to avoid re-running this script phase.\necho \"SUCCESS\" > \"${SCRIPT_OUTPUT_FILE_0}\"\n";
			showEnvVarsInLog = 0;
		};
/* End PBXShellScriptBuildPhase section */

/* Begin PBXSourcesBuildPhase section */
		607FACCC1AFB9204008FA782 /* Sources */ = {
			isa = PBXSourcesBuildPhase;
			buildActionMask = 2147483647;
			files = (
				607FACD81AFB9204008FA782 /* ViewController.swift in Sources */,
				607FACD61AFB9204008FA782 /* AppDelegate.swift in Sources */,
			);
			runOnlyForDeploymentPostprocessing = 0;
		};
		607FACE11AFB9204008FA782 /* Sources */ = {
			isa = PBXSourcesBuildPhase;
			buildActionMask = 2147483647;
			files = (
				41874A30244E809E00B4FE79 /* ApiRouterTests.swift in Sources */,
				418749FF244CD3E100B4FE79 /* FileMapper.swift in Sources */,
				41CF0CF3244BE31700C45F1E /* ModelTests.swift in Sources */,
			);
			runOnlyForDeploymentPostprocessing = 0;
		};
/* End PBXSourcesBuildPhase section */

/* Begin PBXTargetDependency section */
		607FACE71AFB9204008FA782 /* PBXTargetDependency */ = {
			isa = PBXTargetDependency;
			target = 607FACCF1AFB9204008FA782 /* iOSMovieDB_Example */;
			targetProxy = 607FACE61AFB9204008FA782 /* PBXContainerItemProxy */;
		};
/* End PBXTargetDependency section */

/* Begin PBXVariantGroup section */
		607FACD91AFB9204008FA782 /* Main.storyboard */ = {
			isa = PBXVariantGroup;
			children = (
				607FACDA1AFB9204008FA782 /* Base */,
			);
			name = Main.storyboard;
			sourceTree = "<group>";
		};
		607FACDE1AFB9204008FA782 /* LaunchScreen.xib */ = {
			isa = PBXVariantGroup;
			children = (
				607FACDF1AFB9204008FA782 /* Base */,
			);
			name = LaunchScreen.xib;
			sourceTree = "<group>";
		};
/* End PBXVariantGroup section */

/* Begin XCBuildConfiguration section */
		607FACED1AFB9204008FA782 /* Debug */ = {
			isa = XCBuildConfiguration;
			buildSettings = {
				ALWAYS_SEARCH_USER_PATHS = NO;
				CLANG_ANALYZER_LOCALIZABILITY_NONLOCALIZED = YES;
				CLANG_CXX_LANGUAGE_STANDARD = "gnu++0x";
				CLANG_CXX_LIBRARY = "libc++";
				CLANG_ENABLE_MODULES = YES;
				CLANG_ENABLE_OBJC_ARC = YES;
				CLANG_WARN_BLOCK_CAPTURE_AUTORELEASING = YES;
				CLANG_WARN_BOOL_CONVERSION = YES;
				CLANG_WARN_COMMA = YES;
				CLANG_WARN_CONSTANT_CONVERSION = YES;
				CLANG_WARN_DEPRECATED_OBJC_IMPLEMENTATIONS = YES;
				CLANG_WARN_DIRECT_OBJC_ISA_USAGE = YES_ERROR;
				CLANG_WARN_EMPTY_BODY = YES;
				CLANG_WARN_ENUM_CONVERSION = YES;
				CLANG_WARN_INFINITE_RECURSION = YES;
				CLANG_WARN_INT_CONVERSION = YES;
				CLANG_WARN_NON_LITERAL_NULL_CONVERSION = YES;
				CLANG_WARN_OBJC_IMPLICIT_RETAIN_SELF = YES;
				CLANG_WARN_OBJC_LITERAL_CONVERSION = YES;
				CLANG_WARN_OBJC_ROOT_CLASS = YES_ERROR;
				CLANG_WARN_RANGE_LOOP_ANALYSIS = YES;
				CLANG_WARN_STRICT_PROTOTYPES = YES;
				CLANG_WARN_SUSPICIOUS_MOVE = YES;
				CLANG_WARN_UNREACHABLE_CODE = YES;
				CLANG_WARN__DUPLICATE_METHOD_MATCH = YES;
				"CODE_SIGN_IDENTITY[sdk=iphoneos*]" = "iPhone Developer";
				COPY_PHASE_STRIP = NO;
				DEBUG_INFORMATION_FORMAT = "dwarf-with-dsym";
				ENABLE_STRICT_OBJC_MSGSEND = YES;
				ENABLE_TESTABILITY = YES;
				GCC_C_LANGUAGE_STANDARD = gnu99;
				GCC_DYNAMIC_NO_PIC = NO;
				GCC_NO_COMMON_BLOCKS = YES;
				GCC_OPTIMIZATION_LEVEL = 0;
				GCC_PREPROCESSOR_DEFINITIONS = (
					"DEBUG=1",
					"$(inherited)",
				);
				GCC_SYMBOLS_PRIVATE_EXTERN = NO;
				GCC_WARN_64_TO_32_BIT_CONVERSION = YES;
				GCC_WARN_ABOUT_RETURN_TYPE = YES_ERROR;
				GCC_WARN_UNDECLARED_SELECTOR = YES;
				GCC_WARN_UNINITIALIZED_AUTOS = YES_AGGRESSIVE;
				GCC_WARN_UNUSED_FUNCTION = YES;
				GCC_WARN_UNUSED_VARIABLE = YES;
				IPHONEOS_DEPLOYMENT_TARGET = 9.3;
				MTL_ENABLE_DEBUG_INFO = YES;
				ONLY_ACTIVE_ARCH = YES;
				SDKROOT = iphoneos;
				SWIFT_OPTIMIZATION_LEVEL = "-Onone";
			};
			name = Debug;
		};
		607FACEE1AFB9204008FA782 /* Release */ = {
			isa = XCBuildConfiguration;
			buildSettings = {
				ALWAYS_SEARCH_USER_PATHS = NO;
				CLANG_ANALYZER_LOCALIZABILITY_NONLOCALIZED = YES;
				CLANG_CXX_LANGUAGE_STANDARD = "gnu++0x";
				CLANG_CXX_LIBRARY = "libc++";
				CLANG_ENABLE_MODULES = YES;
				CLANG_ENABLE_OBJC_ARC = YES;
				CLANG_WARN_BLOCK_CAPTURE_AUTORELEASING = YES;
				CLANG_WARN_BOOL_CONVERSION = YES;
				CLANG_WARN_COMMA = YES;
				CLANG_WARN_CONSTANT_CONVERSION = YES;
				CLANG_WARN_DEPRECATED_OBJC_IMPLEMENTATIONS = YES;
				CLANG_WARN_DIRECT_OBJC_ISA_USAGE = YES_ERROR;
				CLANG_WARN_EMPTY_BODY = YES;
				CLANG_WARN_ENUM_CONVERSION = YES;
				CLANG_WARN_INFINITE_RECURSION = YES;
				CLANG_WARN_INT_CONVERSION = YES;
				CLANG_WARN_NON_LITERAL_NULL_CONVERSION = YES;
				CLANG_WARN_OBJC_IMPLICIT_RETAIN_SELF = YES;
				CLANG_WARN_OBJC_LITERAL_CONVERSION = YES;
				CLANG_WARN_OBJC_ROOT_CLASS = YES_ERROR;
				CLANG_WARN_RANGE_LOOP_ANALYSIS = YES;
				CLANG_WARN_STRICT_PROTOTYPES = YES;
				CLANG_WARN_SUSPICIOUS_MOVE = YES;
				CLANG_WARN_UNREACHABLE_CODE = YES;
				CLANG_WARN__DUPLICATE_METHOD_MATCH = YES;
				"CODE_SIGN_IDENTITY[sdk=iphoneos*]" = "iPhone Developer";
				COPY_PHASE_STRIP = NO;
				DEBUG_INFORMATION_FORMAT = "dwarf-with-dsym";
				ENABLE_NS_ASSERTIONS = NO;
				ENABLE_STRICT_OBJC_MSGSEND = YES;
				GCC_C_LANGUAGE_STANDARD = gnu99;
				GCC_NO_COMMON_BLOCKS = YES;
				GCC_WARN_64_TO_32_BIT_CONVERSION = YES;
				GCC_WARN_ABOUT_RETURN_TYPE = YES_ERROR;
				GCC_WARN_UNDECLARED_SELECTOR = YES;
				GCC_WARN_UNINITIALIZED_AUTOS = YES_AGGRESSIVE;
				GCC_WARN_UNUSED_FUNCTION = YES;
				GCC_WARN_UNUSED_VARIABLE = YES;
				IPHONEOS_DEPLOYMENT_TARGET = 9.3;
				MTL_ENABLE_DEBUG_INFO = NO;
				SDKROOT = iphoneos;
				SWIFT_OPTIMIZATION_LEVEL = "-Owholemodule";
				VALIDATE_PRODUCT = YES;
			};
			name = Release;
		};
		607FACF01AFB9204008FA782 /* Debug */ = {
			isa = XCBuildConfiguration;
			baseConfigurationReference = EB44E8668A7E627E2A1E19BA /* Pods-iOSMovieDB_Example.debug.xcconfig */;
			buildSettings = {
				ASSETCATALOG_COMPILER_APPICON_NAME = AppIcon;
				INFOPLIST_FILE = iOSMovieDB/Info.plist;
				LD_RUNPATH_SEARCH_PATHS = "$(inherited) @executable_path/Frameworks";
				MODULE_NAME = ExampleApp;
				PRODUCT_BUNDLE_IDENTIFIER = "org.cocoapods.demo.$(PRODUCT_NAME:rfc1034identifier)";
				PRODUCT_NAME = "$(TARGET_NAME)";
				SWIFT_SWIFT3_OBJC_INFERENCE = Default;
				SWIFT_VERSION = 4.0;
			};
			name = Debug;
		};
		607FACF11AFB9204008FA782 /* Release */ = {
			isa = XCBuildConfiguration;
			baseConfigurationReference = 531C831CB5158C8A37B6C3C9 /* Pods-iOSMovieDB_Example.release.xcconfig */;
			buildSettings = {
				ASSETCATALOG_COMPILER_APPICON_NAME = AppIcon;
				INFOPLIST_FILE = iOSMovieDB/Info.plist;
				LD_RUNPATH_SEARCH_PATHS = "$(inherited) @executable_path/Frameworks";
				MODULE_NAME = ExampleApp;
				PRODUCT_BUNDLE_IDENTIFIER = "org.cocoapods.demo.$(PRODUCT_NAME:rfc1034identifier)";
				PRODUCT_NAME = "$(TARGET_NAME)";
				SWIFT_SWIFT3_OBJC_INFERENCE = Default;
				SWIFT_VERSION = 4.0;
			};
			name = Release;
		};
		607FACF31AFB9204008FA782 /* Debug */ = {
			isa = XCBuildConfiguration;
			baseConfigurationReference = 87FABEB1294A1CF9E4A4ECF8 /* Pods-iOSMovieDB_Tests.debug.xcconfig */;
			buildSettings = {
				API_KEY = 6893e0b3a6030f46d850edf87283de46;
				BASE_URL = "https://api.themoviedb.org/3/movie";
				FRAMEWORK_SEARCH_PATHS = (
					"$(PLATFORM_DIR)/Developer/Library/Frameworks",
					"$(inherited)",
				);
				GCC_PREPROCESSOR_DEFINITIONS = (
					"DEBUG=1",
					"$(inherited)",
				);
				INFOPLIST_FILE = Tests/Info.plist;
				LD_RUNPATH_SEARCH_PATHS = "$(inherited) @executable_path/Frameworks @loader_path/Frameworks";
				PRODUCT_BUNDLE_IDENTIFIER = "org.cocoapods.$(PRODUCT_NAME:rfc1034identifier)";
				PRODUCT_NAME = "$(TARGET_NAME)";
				SWIFT_SWIFT3_OBJC_INFERENCE = Default;
				SWIFT_VERSION = 4.0;
				TEST_HOST = "$(BUILT_PRODUCTS_DIR)/iOSMovieDB_Example.app/iOSMovieDB_Example";
			};
			name = Debug;
		};
		607FACF41AFB9204008FA782 /* Release */ = {
			isa = XCBuildConfiguration;
			baseConfigurationReference = EDD666A5193E65469D7E4BC3 /* Pods-iOSMovieDB_Tests.release.xcconfig */;
			buildSettings = {
				API_KEY = 6893e0b3a6030f46d850edf87283de46;
				BASE_URL = "https://api.themoviedb.org/3/movie";
				FRAMEWORK_SEARCH_PATHS = (
					"$(PLATFORM_DIR)/Developer/Library/Frameworks",
					"$(inherited)",
				);
				INFOPLIST_FILE = Tests/Info.plist;
				LD_RUNPATH_SEARCH_PATHS = "$(inherited) @executable_path/Frameworks @loader_path/Frameworks";
				PRODUCT_BUNDLE_IDENTIFIER = "org.cocoapods.$(PRODUCT_NAME:rfc1034identifier)";
				PRODUCT_NAME = "$(TARGET_NAME)";
				SWIFT_SWIFT3_OBJC_INFERENCE = Default;
				SWIFT_VERSION = 4.0;
				TEST_HOST = "$(BUILT_PRODUCTS_DIR)/iOSMovieDB_Example.app/iOSMovieDB_Example";
			};
			name = Release;
		};
/* End XCBuildConfiguration section */

/* Begin XCConfigurationList section */
		607FACCB1AFB9204008FA782 /* Build configuration list for PBXProject "iOSMovieDB" */ = {
			isa = XCConfigurationList;
			buildConfigurations = (
				607FACED1AFB9204008FA782 /* Debug */,
				607FACEE1AFB9204008FA782 /* Release */,
			);
			defaultConfigurationIsVisible = 0;
			defaultConfigurationName = Release;
		};
		607FACEF1AFB9204008FA782 /* Build configuration list for PBXNativeTarget "iOSMovieDB_Example" */ = {
			isa = XCConfigurationList;
			buildConfigurations = (
				607FACF01AFB9204008FA782 /* Debug */,
				607FACF11AFB9204008FA782 /* Release */,
			);
			defaultConfigurationIsVisible = 0;
			defaultConfigurationName = Release;
		};
		607FACF21AFB9204008FA782 /* Build configuration list for PBXNativeTarget "iOSMovieDB_Tests" */ = {
			isa = XCConfigurationList;
			buildConfigurations = (
				607FACF31AFB9204008FA782 /* Debug */,
				607FACF41AFB9204008FA782 /* Release */,
			);
			defaultConfigurationIsVisible = 0;
			defaultConfigurationName = Release;
		};
/* End XCConfigurationList section */
	};
	rootObject = 607FACC81AFB9204008FA782 /* Project object */;
}
